// !$*UTF8*$!
{
	archiveVersion = 1;
	classes = {
	};
	objectVersion = 46;
	objects = {

/* Begin PBXBuildFile section */
		1FFE9D631E7F6293002131AD /* WYNewsModel.m in Sources */ = {isa = PBXBuildFile; fileRef = 1FFE9D621E7F6293002131AD /* WYNewsModel.m */; };
		1FFFC8F21E7D0A3A00152D56 /* main.m in Sources */ = {isa = PBXBuildFile; fileRef = 1FFFC8F11E7D0A3A00152D56 /* main.m */; };
		1FFFC8F51E7D0A3A00152D56 /* AppDelegate.m in Sources */ = {isa = PBXBuildFile; fileRef = 1FFFC8F41E7D0A3A00152D56 /* AppDelegate.m */; };
		1FFFC8FB1E7D0A3A00152D56 /* Main.storyboard in Resources */ = {isa = PBXBuildFile; fileRef = 1FFFC8F91E7D0A3A00152D56 /* Main.storyboard */; };
		1FFFC8FD1E7D0A3A00152D56 /* Assets.xcassets in Resources */ = {isa = PBXBuildFile; fileRef = 1FFFC8FC1E7D0A3A00152D56 /* Assets.xcassets */; };
		1FFFC9001E7D0A3A00152D56 /* LaunchScreen.storyboard in Resources */ = {isa = PBXBuildFile; fileRef = 1FFFC8FE1E7D0A3A00152D56 /* LaunchScreen.storyboard */; };
		1FFFC9121E7D504D00152D56 /* WYMainViewController.m in Sources */ = {isa = PBXBuildFile; fileRef = 1FFFC9111E7D504D00152D56 /* WYMainViewController.m */; };
		1FFFC9151E7D51AE00152D56 /* WYChannelController.m in Sources */ = {isa = PBXBuildFile; fileRef = 1FFFC9141E7D51AE00152D56 /* WYChannelController.m */; };
		1FFFC9181E7D51BE00152D56 /* WYHomeController.m in Sources */ = {isa = PBXBuildFile; fileRef = 1FFFC9171E7D51BE00152D56 /* WYHomeController.m */; };
		1FFFC91B1E7D51CD00152D56 /* WYDetailController.m in Sources */ = {isa = PBXBuildFile; fileRef = 1FFFC91A1E7D51CD00152D56 /* WYDetailController.m */; };
		1FFFC91E1E7D51E000152D56 /* WYNewsListController.m in Sources */ = {isa = PBXBuildFile; fileRef = 1FFFC91D1E7D51E000152D56 /* WYNewsListController.m */; };
		1FFFC9251E7D5AF000152D56 /* WYChannelView.m in Sources */ = {isa = PBXBuildFile; fileRef = 1FFFC9241E7D5AF000152D56 /* WYChannelView.m */; };
		1FFFC9281E7D5C4000152D56 /* WYChannelModel.m in Sources */ = {isa = PBXBuildFile; fileRef = 1FFFC9271E7D5C4000152D56 /* WYChannelModel.m */; };
		1FFFC92A1E7D5D6600152D56 /* topic_news.json in Resources */ = {isa = PBXBuildFile; fileRef = 1FFFC9291E7D5D6600152D56 /* topic_news.json */; };
		1FFFC92D1E7D5F6000152D56 /* WYLabel.m in Sources */ = {isa = PBXBuildFile; fileRef = 1FFFC92C1E7D5F6000152D56 /* WYLabel.m */; };
		A6F38BD391FE8A42B7C6CC9A /* libPods-WYNewsClassNine.a in Frameworks */ = {isa = PBXBuildFile; fileRef = 6225DC3B9AB8816B8B346F67 /* libPods-WYNewsClassNine.a */; };
/* End PBXBuildFile section */

/* Begin PBXFileReference section */
		1FFE9D611E7F6293002131AD /* WYNewsModel.h */ = {isa = PBXFileReference; fileEncoding = 4; lastKnownFileType = sourcecode.c.h; path = WYNewsModel.h; sourceTree = "<group>"; };
		1FFE9D621E7F6293002131AD /* WYNewsModel.m */ = {isa = PBXFileReference; fileEncoding = 4; lastKnownFileType = sourcecode.c.objc; path = WYNewsModel.m; sourceTree = "<group>"; };
		1FFFC8ED1E7D0A3A00152D56 /* WYNewsClassNine.app */ = {isa = PBXFileReference; explicitFileType = wrapper.application; includeInIndex = 0; path = WYNewsClassNine.app; sourceTree = BUILT_PRODUCTS_DIR; };
		1FFFC8F11E7D0A3A00152D56 /* main.m */ = {isa = PBXFileReference; lastKnownFileType = sourcecode.c.objc; path = main.m; sourceTree = "<group>"; };
		1FFFC8F31E7D0A3A00152D56 /* AppDelegate.h */ = {isa = PBXFileReference; lastKnownFileType = sourcecode.c.h; path = AppDelegate.h; sourceTree = "<group>"; };
		1FFFC8F41E7D0A3A00152D56 /* AppDelegate.m */ = {isa = PBXFileReference; lastKnownFileType = sourcecode.c.objc; path = AppDelegate.m; sourceTree = "<group>"; };
		1FFFC8FA1E7D0A3A00152D56 /* Base */ = {isa = PBXFileReference; lastKnownFileType = file.storyboard; name = Base; path = Base.lproj/Main.storyboard; sourceTree = "<group>"; };
		1FFFC8FC1E7D0A3A00152D56 /* Assets.xcassets */ = {isa = PBXFileReference; lastKnownFileType = folder.assetcatalog; path = Assets.xcassets; sourceTree = "<group>"; };
		1FFFC8FF1E7D0A3A00152D56 /* Base */ = {isa = PBXFileReference; lastKnownFileType = file.storyboard; name = Base; path = Base.lproj/LaunchScreen.storyboard; sourceTree = "<group>"; };
		1FFFC9011E7D0A3A00152D56 /* Info.plist */ = {isa = PBXFileReference; lastKnownFileType = text.plist.xml; path = Info.plist; sourceTree = "<group>"; };
		1FFFC9101E7D504D00152D56 /* WYMainViewController.h */ = {isa = PBXFileReference; fileEncoding = 4; lastKnownFileType = sourcecode.c.h; path = WYMainViewController.h; sourceTree = "<group>"; };
		1FFFC9111E7D504D00152D56 /* WYMainViewController.m */ = {isa = PBXFileReference; fileEncoding = 4; lastKnownFileType = sourcecode.c.objc; path = WYMainViewController.m; sourceTree = "<group>"; };
		1FFFC9131E7D51AE00152D56 /* WYChannelController.h */ = {isa = PBXFileReference; fileEncoding = 4; lastKnownFileType = sourcecode.c.h; path = WYChannelController.h; sourceTree = "<group>"; };
		1FFFC9141E7D51AE00152D56 /* WYChannelController.m */ = {isa = PBXFileReference; fileEncoding = 4; lastKnownFileType = sourcecode.c.objc; path = WYChannelController.m; sourceTree = "<group>"; };
		1FFFC9161E7D51BE00152D56 /* WYHomeController.h */ = {isa = PBXFileReference; fileEncoding = 4; lastKnownFileType = sourcecode.c.h; name = WYHomeController.h; path = ../WYHomeController.h; sourceTree = "<group>"; };
		1FFFC9171E7D51BE00152D56 /* WYHomeController.m */ = {isa = PBXFileReference; fileEncoding = 4; lastKnownFileType = sourcecode.c.objc; name = WYHomeController.m; path = ../WYHomeController.m; sourceTree = "<group>"; };
		1FFFC9191E7D51CD00152D56 /* WYDetailController.h */ = {isa = PBXFileReference; fileEncoding = 4; lastKnownFileType = sourcecode.c.h; path = WYDetailController.h; sourceTree = "<group>"; };
		1FFFC91A1E7D51CD00152D56 /* WYDetailController.m */ = {isa = PBXFileReference; fileEncoding = 4; lastKnownFileType = sourcecode.c.objc; path = WYDetailController.m; sourceTree = "<group>"; };
		1FFFC91C1E7D51E000152D56 /* WYNewsListController.h */ = {isa = PBXFileReference; fileEncoding = 4; lastKnownFileType = sourcecode.c.h; path = WYNewsListController.h; sourceTree = "<group>"; };
		1FFFC91D1E7D51E000152D56 /* WYNewsListController.m */ = {isa = PBXFileReference; fileEncoding = 4; lastKnownFileType = sourcecode.c.objc; path = WYNewsListController.m; sourceTree = "<group>"; };
		1FFFC9231E7D5AF000152D56 /* WYChannelView.h */ = {isa = PBXFileReference; fileEncoding = 4; lastKnownFileType = sourcecode.c.h; path = WYChannelView.h; sourceTree = "<group>"; };
		1FFFC9241E7D5AF000152D56 /* WYChannelView.m */ = {isa = PBXFileReference; fileEncoding = 4; lastKnownFileType = sourcecode.c.objc; path = WYChannelView.m; sourceTree = "<group>"; };
		1FFFC9261E7D5C4000152D56 /* WYChannelModel.h */ = {isa = PBXFileReference; fileEncoding = 4; lastKnownFileType = sourcecode.c.h; path = WYChannelModel.h; sourceTree = "<group>"; };
		1FFFC9271E7D5C4000152D56 /* WYChannelModel.m */ = {isa = PBXFileReference; fileEncoding = 4; lastKnownFileType = sourcecode.c.objc; path = WYChannelModel.m; sourceTree = "<group>"; };
		1FFFC9291E7D5D6600152D56 /* topic_news.json */ = {isa = PBXFileReference; fileEncoding = 4; lastKnownFileType = text.json; path = topic_news.json; sourceTree = "<group>"; };
		1FFFC92B1E7D5F6000152D56 /* WYLabel.h */ = {isa = PBXFileReference; fileEncoding = 4; lastKnownFileType = sourcecode.c.h; path = WYLabel.h; sourceTree = "<group>"; };
		1FFFC92C1E7D5F6000152D56 /* WYLabel.m */ = {isa = PBXFileReference; fileEncoding = 4; lastKnownFileType = sourcecode.c.objc; path = WYLabel.m; sourceTree = "<group>"; };
		42A4536E5A6A0378A1049D3F /* Pods-WYNewsClassNine.debug.xcconfig */ = {isa = PBXFileReference; includeInIndex = 1; lastKnownFileType = text.xcconfig; name = "Pods-WYNewsClassNine.debug.xcconfig"; path = "Pods/Target Support Files/Pods-WYNewsClassNine/Pods-WYNewsClassNine.debug.xcconfig"; sourceTree = "<group>"; };
		6225DC3B9AB8816B8B346F67 /* libPods-WYNewsClassNine.a */ = {isa = PBXFileReference; explicitFileType = archive.ar; includeInIndex = 0; path = "libPods-WYNewsClassNine.a"; sourceTree = BUILT_PRODUCTS_DIR; };
		A07371517C299628ABA2A5A7 /* Pods-WYNewsClassNine.release.xcconfig */ = {isa = PBXFileReference; includeInIndex = 1; lastKnownFileType = text.xcconfig; name = "Pods-WYNewsClassNine.release.xcconfig"; path = "Pods/Target Support Files/Pods-WYNewsClassNine/Pods-WYNewsClassNine.release.xcconfig"; sourceTree = "<group>"; };
/* End PBXFileReference section */

/* Begin PBXFrameworksBuildPhase section */
		1FFFC8EA1E7D0A3A00152D56 /* Frameworks */ = {
			isa = PBXFrameworksBuildPhase;
			buildActionMask = 2147483647;
			files = (
				A6F38BD391FE8A42B7C6CC9A /* libPods-WYNewsClassNine.a in Frameworks */,
			);
			runOnlyForDeploymentPostprocessing = 0;
		};
/* End PBXFrameworksBuildPhase section */

/* Begin PBXGroup section */
		03557BD9CBC0EE6FB17D6AF6 /* Pods */ = {
			isa = PBXGroup;
			children = (
				42A4536E5A6A0378A1049D3F /* Pods-WYNewsClassNine.debug.xcconfig */,
				A07371517C299628ABA2A5A7 /* Pods-WYNewsClassNine.release.xcconfig */,
			);
			name = Pods;
			sourceTree = "<group>";
		};
		1FFFC8E41E7D0A3A00152D56 = {
			isa = PBXGroup;
			children = (
				1FFFC8EF1E7D0A3A00152D56 /* WYNewsClassNine */,
				1FFFC8EE1E7D0A3A00152D56 /* Products */,
				03557BD9CBC0EE6FB17D6AF6 /* Pods */,
				F8CACE598116DF775CC9879D /* Frameworks */,
			);
			sourceTree = "<group>";
		};
		1FFFC8EE1E7D0A3A00152D56 /* Products */ = {
			isa = PBXGroup;
			children = (
				1FFFC8ED1E7D0A3A00152D56 /* WYNewsClassNine.app */,
			);
			name = Products;
			sourceTree = "<group>";
		};
		1FFFC8EF1E7D0A3A00152D56 /* WYNewsClassNine */ = {
			isa = PBXGroup;
			children = (
				1FFFC9071E7D47FA00152D56 /* Classes */,
				1FFFC8F31E7D0A3A00152D56 /* AppDelegate.h */,
				1FFFC8F41E7D0A3A00152D56 /* AppDelegate.m */,
				1FFFC8F91E7D0A3A00152D56 /* Main.storyboard */,
				1FFFC8FC1E7D0A3A00152D56 /* Assets.xcassets */,
				1FFFC8FE1E7D0A3A00152D56 /* LaunchScreen.storyboard */,
				1FFFC9011E7D0A3A00152D56 /* Info.plist */,
				1FFFC8F01E7D0A3A00152D56 /* Supporting Files */,
			);
			path = WYNewsClassNine;
			sourceTree = "<group>";
		};
		1FFFC8F01E7D0A3A00152D56 /* Supporting Files */ = {
			isa = PBXGroup;
			children = (
				1FFFC8F11E7D0A3A00152D56 /* main.m */,
			);
			name = "Supporting Files";
			sourceTree = "<group>";
		};
		1FFFC9071E7D47FA00152D56 /* Classes */ = {
			isa = PBXGroup;
			children = (
				1FFFC9081E7D47FA00152D56 /* Home（主页模型） */,
				1FFFC90D1E7D47FA00152D56 /* Main（主框架） */,
				1FFFC90E1E7D47FA00152D56 /* ThirdLib（第三方框架） */,
				1FFFC90F1E7D47FA00152D56 /* Tool（工具类） */,
			);
			path = Classes;
			sourceTree = "<group>";
		};
		1FFFC9081E7D47FA00152D56 /* Home（主页模型） */ = {
			isa = PBXGroup;
			children = (
				1FFFC90A1E7D47FA00152D56 /* Home（首页） */,
				1FFFC9091E7D47FA00152D56 /* ChannelView（频道） */,
				1FFFC90B1E7D47FA00152D56 /* NewDetail（详细页） */,
				1FFFC90C1E7D47FA00152D56 /* NewList（新闻） */,
			);
			name = "Home（主页模型）";
			path = Home;
			sourceTree = "<group>";
		};
		1FFFC9091E7D47FA00152D56 /* ChannelView（频道） */ = {
			isa = PBXGroup;
			children = (
				1FFFC9131E7D51AE00152D56 /* WYChannelController.h */,
				1FFFC9141E7D51AE00152D56 /* WYChannelController.m */,
			);
			name = "ChannelView（频道）";
			path = ChannelView;
			sourceTree = "<group>";
		};
		1FFFC90A1E7D47FA00152D56 /* Home（首页） */ = {
			isa = PBXGroup;
			children = (
				1FFFC91F1E7D5A0800152D56 /* Controller */,
				1FFFC9201E7D5A0800152D56 /* Model */,
				1FFFC9211E7D5A0800152D56 /* Other */,
				1FFFC9221E7D5A0800152D56 /* View */,
			);
			name = "Home（首页）";
			path = Home;
			sourceTree = "<group>";
		};
		1FFFC90B1E7D47FA00152D56 /* NewDetail（详细页） */ = {
			isa = PBXGroup;
			children = (
				1FFFC9191E7D51CD00152D56 /* WYDetailController.h */,
				1FFFC91A1E7D51CD00152D56 /* WYDetailController.m */,
			);
			name = "NewDetail（详细页）";
			path = NewDetail;
			sourceTree = "<group>";
		};
		1FFFC90C1E7D47FA00152D56 /* NewList（新闻） */ = {
			isa = PBXGroup;
			children = (
				1FFFC91C1E7D51E000152D56 /* WYNewsListController.h */,
				1FFFC91D1E7D51E000152D56 /* WYNewsListController.m */,
				1FFE9D611E7F6293002131AD /* WYNewsModel.h */,
				1FFE9D621E7F6293002131AD /* WYNewsModel.m */,
			);
			name = "NewList（新闻）";
			path = NewList;
			sourceTree = "<group>";
		};
		1FFFC90D1E7D47FA00152D56 /* Main（主框架） */ = {
			isa = PBXGroup;
			children = (
				1FFFC9101E7D504D00152D56 /* WYMainViewController.h */,
				1FFFC9111E7D504D00152D56 /* WYMainViewController.m */,
			);
			name = "Main（主框架）";
			path = Main;
			sourceTree = "<group>";
		};
		1FFFC90E1E7D47FA00152D56 /* ThirdLib（第三方框架） */ = {
			isa = PBXGroup;
			children = (
			);
			name = "ThirdLib（第三方框架）";
			path = ThirdLib;
			sourceTree = "<group>";
		};
		1FFFC90F1E7D47FA00152D56 /* Tool（工具类） */ = {
			isa = PBXGroup;
			children = (
			);
			name = "Tool（工具类）";
			path = Tool;
			sourceTree = "<group>";
		};
		1FFFC91F1E7D5A0800152D56 /* Controller */ = {
			isa = PBXGroup;
			children = (
				1FFFC9161E7D51BE00152D56 /* WYHomeController.h */,
				1FFFC9171E7D51BE00152D56 /* WYHomeController.m */,
			);
			path = Controller;
			sourceTree = "<group>";
		};
		1FFFC9201E7D5A0800152D56 /* Model */ = {
			isa = PBXGroup;
			children = (
				1FFFC9291E7D5D6600152D56 /* topic_news.json */,
				1FFFC92B1E7D5F6000152D56 /* WYLabel.h */,
				1FFFC92C1E7D5F6000152D56 /* WYLabel.m */,
				1FFFC9261E7D5C4000152D56 /* WYChannelModel.h */,
				1FFFC9271E7D5C4000152D56 /* WYChannelModel.m */,
			);
			path = Model;
			sourceTree = "<group>";
		};
		1FFFC9211E7D5A0800152D56 /* Other */ = {
			isa = PBXGroup;
			children = (
			);
			path = Other;
			sourceTree = "<group>";
		};
		1FFFC9221E7D5A0800152D56 /* View */ = {
			isa = PBXGroup;
			children = (
				1FFFC9231E7D5AF000152D56 /* WYChannelView.h */,
				1FFFC9241E7D5AF000152D56 /* WYChannelView.m */,
			);
			path = View;
			sourceTree = "<group>";
		};
		F8CACE598116DF775CC9879D /* Frameworks */ = {
			isa = PBXGroup;
			children = (
				6225DC3B9AB8816B8B346F67 /* libPods-WYNewsClassNine.a */,
			);
			name = Frameworks;
			sourceTree = "<group>";
		};
/* End PBXGroup section */

/* Begin PBXNativeTarget section */
		1FFFC8EC1E7D0A3A00152D56 /* WYNewsClassNine */ = {
			isa = PBXNativeTarget;
			buildConfigurationList = 1FFFC9041E7D0A3A00152D56 /* Build configuration list for PBXNativeTarget "WYNewsClassNine" */;
			buildPhases = (
				0D6BF9E3EE5CBEC6B8493110 /* [CP] Check Pods Manifest.lock */,
				1FFFC8E91E7D0A3A00152D56 /* Sources */,
				1FFFC8EA1E7D0A3A00152D56 /* Frameworks */,
				1FFFC8EB1E7D0A3A00152D56 /* Resources */,
				D977BFB1D390CA601517DFAD /* [CP] Embed Pods Frameworks */,
				A770E9E3F774412834C0C302 /* [CP] Copy Pods Resources */,
			);
			buildRules = (
			);
			dependencies = (
			);
			name = WYNewsClassNine;
			productName = WYNewsClassNine;
			productReference = 1FFFC8ED1E7D0A3A00152D56 /* WYNewsClassNine.app */;
			productType = "com.apple.product-type.application";
		};
/* End PBXNativeTarget section */

/* Begin PBXProject section */
		1FFFC8E51E7D0A3A00152D56 /* Project object */ = {
			isa = PBXProject;
			attributes = {
				LastUpgradeCheck = 0820;
				ORGANIZATIONNAME = "陈伟";
				TargetAttributes = {
					1FFFC8EC1E7D0A3A00152D56 = {
						CreatedOnToolsVersion = 8.2.1;
						ProvisioningStyle = Automatic;
					};
				};
			};
			buildConfigurationList = 1FFFC8E81E7D0A3A00152D56 /* Build configuration list for PBXProject "WYNewsClassNine" */;
			compatibilityVersion = "Xcode 3.2";
			developmentRegion = English;
			hasScannedForEncodings = 0;
			knownRegions = (
				en,
				Base,
			);
			mainGroup = 1FFFC8E41E7D0A3A00152D56;
			productRefGroup = 1FFFC8EE1E7D0A3A00152D56 /* Products */;
			projectDirPath = "";
			projectRoot = "";
			targets = (
				1FFFC8EC1E7D0A3A00152D56 /* WYNewsClassNine */,
			);
		};
/* End PBXProject section */

/* Begin PBXResourcesBuildPhase section */
		1FFFC8EB1E7D0A3A00152D56 /* Resources */ = {
			isa = PBXResourcesBuildPhase;
			buildActionMask = 2147483647;
			files = (
				1FFFC9001E7D0A3A00152D56 /* LaunchScreen.storyboard in Resources */,
				1FFFC8FD1E7D0A3A00152D56 /* Assets.xcassets in Resources */,
				1FFFC92A1E7D5D6600152D56 /* topic_news.json in Resources */,
				1FFFC8FB1E7D0A3A00152D56 /* Main.storyboard in Resources */,
			);
			runOnlyForDeploymentPostprocessing = 0;
		};
/* End PBXResourcesBuildPhase section */

/* Begin PBXShellScriptBuildPhase section */
		0D6BF9E3EE5CBEC6B8493110 /* [CP] Check Pods Manifest.lock */ = {
			isa = PBXShellScriptBuildPhase;
			buildActionMask = 2147483647;
			files = (
			);
			inputPaths = (
			);
			name = "[CP] Check Pods Manifest.lock";
			outputPaths = (
			);
			runOnlyForDeploymentPostprocessing = 0;
			shellPath = /bin/sh;
			shellScript = "diff \"${PODS_ROOT}/../Podfile.lock\" \"${PODS_ROOT}/Manifest.lock\" > /dev/null\nif [ $? != 0 ] ; then\n    # print error to STDERR\n    echo \"error: The sandbox is not in sync with the Podfile.lock. Run 'pod install' or update your CocoaPods installation.\" >&2\n    exit 1\nfi\n";
			showEnvVarsInLog = 0;
		};
		A770E9E3F774412834C0C302 /* [CP] Copy Pods Resources */ = {
			isa = PBXShellScriptBuildPhase;
			buildActionMask = 2147483647;
			files = (
			);
			inputPaths = (
			);
			name = "[CP] Copy Pods Resources";
			outputPaths = (
			);
			runOnlyForDeploymentPostprocessing = 0;
			shellPath = /bin/sh;
			shellScript = "\"${SRCROOT}/Pods/Target Support Files/Pods-WYNewsClassNine/Pods-WYNewsClassNine-resources.sh\"\n";
			showEnvVarsInLog = 0;
		};
		D977BFB1D390CA601517DFAD /* [CP] Embed Pods Frameworks */ = {
			isa = PBXShellScriptBuildPhase;
			buildActionMask = 2147483647;
			files = (
			);
			inputPaths = (
			);
			name = "[CP] Embed Pods Frameworks";
			outputPaths = (
			);
			runOnlyForDeploymentPostprocessing = 0;
			shellPath = /bin/sh;
			shellScript = "\"${SRCROOT}/Pods/Target Support Files/Pods-WYNewsClassNine/Pods-WYNewsClassNine-frameworks.sh\"\n";
			showEnvVarsInLog = 0;
		};
/* End PBXShellScriptBuildPhase section */

/* Begin PBXSourcesBuildPhase section */
		1FFFC8E91E7D0A3A00152D56 /* Sources */ = {
			isa = PBXSourcesBuildPhase;
			buildActionMask = 2147483647;
			files = (
				1FFFC91B1E7D51CD00152D56 /* WYDetailController.m in Sources */,
				1FFFC9181E7D51BE00152D56 /* WYHomeController.m in Sources */,
				1FFFC9281E7D5C4000152D56 /* WYChannelModel.m in Sources */,
				1FFFC9121E7D504D00152D56 /* WYMainViewController.m in Sources */,
				1FFFC92D1E7D5F6000152D56 /* WYLabel.m in Sources */,
				1FFFC9151E7D51AE00152D56 /* WYChannelController.m in Sources */,
				1FFFC8F51E7D0A3A00152D56 /* AppDelegate.m in Sources */,
				1FFE9D631E7F6293002131AD /* WYNewsModel.m in Sources */,
				1FFFC8F21E7D0A3A00152D56 /* main.m in Sources */,
				1FFFC9251E7D5AF000152D56 /* WYChannelView.m in Sources */,
				1FFFC91E1E7D51E000152D56 /* WYNewsListController.m in Sources */,
			);
			runOnlyForDeploymentPostprocessing = 0;
		};
/* End PBXSourcesBuildPhase section */

/* Begin PBXVariantGroup section */
		1FFFC8F91E7D0A3A00152D56 /* Main.storyboard */ = {
			isa = PBXVariantGroup;
			children = (
				1FFFC8FA1E7D0A3A00152D56 /* Base */,
			);
			name = Main.storyboard;
			sourceTree = "<group>";
		};
		1FFFC8FE1E7D0A3A00152D56 /* LaunchScreen.storyboard */ = {
			isa = PBXVariantGroup;
			children = (
				1FFFC8FF1E7D0A3A00152D56 /* Base */,
			);
			name = LaunchScreen.storyboard;
			sourceTree = "<group>";
		};
/* End PBXVariantGroup section */

/* Begin XCBuildConfiguration section */
		1FFFC9021E7D0A3A00152D56 /* Debug */ = {
			isa = XCBuildConfiguration;
			buildSettings = {
				ALWAYS_SEARCH_USER_PATHS = NO;
				CLANG_ANALYZER_NONNULL = YES;
				CLANG_CXX_LANGUAGE_STANDARD = "gnu++0x";
				CLANG_CXX_LIBRARY = "libc++";
				CLANG_ENABLE_MODULES = YES;
				CLANG_ENABLE_OBJC_ARC = YES;
				CLANG_WARN_BOOL_CONVERSION = YES;
				CLANG_WARN_CONSTANT_CONVERSION = YES;
				CLANG_WARN_DIRECT_OBJC_ISA_USAGE = YES_ERROR;
				CLANG_WARN_DOCUMENTATION_COMMENTS = YES;
				CLANG_WARN_EMPTY_BODY = YES;
				CLANG_WARN_ENUM_CONVERSION = YES;
				CLANG_WARN_INFINITE_RECURSION = YES;
				CLANG_WARN_INT_CONVERSION = YES;
				CLANG_WARN_OBJC_ROOT_CLASS = YES_ERROR;
				CLANG_WARN_SUSPICIOUS_MOVE = YES;
				CLANG_WARN_UNREACHABLE_CODE = YES;
				CLANG_WARN__DUPLICATE_METHOD_MATCH = YES;
				"CODE_SIGN_IDENTITY[sdk=iphoneos*]" = "iPhone Developer";
				COPY_PHASE_STRIP = NO;
				DEBUG_INFORMATION_FORMAT = dwarf;
				ENABLE_STRICT_OBJC_MSGSEND = YES;
				ENABLE_TESTABILITY = YES;
				GCC_C_LANGUAGE_STANDARD = gnu99;
				GCC_DYNAMIC_NO_PIC = NO;
				GCC_NO_COMMON_BLOCKS = YES;
				GCC_OPTIMIZATION_LEVEL = 0;
				GCC_PREPROCESSOR_DEFINITIONS = (
					"DEBUG=1",
					"$(inherited)",
				);
				GCC_WARN_64_TO_32_BIT_CONVERSION = YES;
				GCC_WARN_ABOUT_RETURN_TYPE = YES_ERROR;
				GCC_WARN_UNDECLARED_SELECTOR = YES;
				GCC_WARN_UNINITIALIZED_AUTOS = YES_AGGRESSIVE;
				GCC_WARN_UNUSED_FUNCTION = YES;
				GCC_WARN_UNUSED_VARIABLE = YES;
				IPHONEOS_DEPLOYMENT_TARGET = 10.2;
				MTL_ENABLE_DEBUG_INFO = YES;
				ONLY_ACTIVE_ARCH = YES;
				SDKROOT = iphoneos;
			};
			name = Debug;
		};
		1FFFC9031E7D0A3A00152D56 /* Release */ = {
			isa = XCBuildConfiguration;
			buildSettings = {
				ALWAYS_SEARCH_USER_PATHS = NO;
				CLANG_ANALYZER_NONNULL = YES;
				CLANG_CXX_LANGUAGE_STANDARD = "gnu++0x";
				CLANG_CXX_LIBRARY = "libc++";
				CLANG_ENABLE_MODULES = YES;
				CLANG_ENABLE_OBJC_ARC = YES;
				CLANG_WARN_BOOL_CONVERSION = YES;
				CLANG_WARN_CONSTANT_CONVERSION = YES;
				CLANG_WARN_DIRECT_OBJC_ISA_USAGE = YES_ERROR;
				CLANG_WARN_DOCUMENTATION_COMMENTS = YES;
				CLANG_WARN_EMPTY_BODY = YES;
				CLANG_WARN_ENUM_CONVERSION = YES;
				CLANG_WARN_INFINITE_RECURSION = YES;
				CLANG_WARN_INT_CONVERSION = YES;
				CLANG_WARN_OBJC_ROOT_CLASS = YES_ERROR;
				CLANG_WARN_SUSPICIOUS_MOVE = YES;
				CLANG_WARN_UNREACHABLE_CODE = YES;
				CLANG_WARN__DUPLICATE_METHOD_MATCH = YES;
				"CODE_SIGN_IDENTITY[sdk=iphoneos*]" = "iPhone Developer";
				COPY_PHASE_STRIP = NO;
				DEBUG_INFORMATION_FORMAT = "dwarf-with-dsym";
				ENABLE_NS_ASSERTIONS = NO;
				ENABLE_STRICT_OBJC_MSGSEND = YES;
				GCC_C_LANGUAGE_STANDARD = gnu99;
				GCC_NO_COMMON_BLOCKS = YES;
				GCC_WARN_64_TO_32_BIT_CONVERSION = YES;
				GCC_WARN_ABOUT_RETURN_TYPE = YES_ERROR;
				GCC_WARN_UNDECLARED_SELECTOR = YES;
				GCC_WARN_UNINITIALIZED_AUTOS = YES_AGGRESSIVE;
				GCC_WARN_UNUSED_FUNCTION = YES;
				GCC_WARN_UNUSED_VARIABLE = YES;
				IPHONEOS_DEPLOYMENT_TARGET = 10.2;
				MTL_ENABLE_DEBUG_INFO = NO;
				SDKROOT = iphoneos;
				VALIDATE_PRODUCT = YES;
			};
			name = Release;
		};
		1FFFC9051E7D0A3A00152D56 /* Debug */ = {
			isa = XCBuildConfiguration;
			baseConfigurationReference = 42A4536E5A6A0378A1049D3F /* Pods-WYNewsClassNine.debug.xcconfig */;
			buildSettings = {
				ASSETCATALOG_COMPILER_APPICON_NAME = AppIcon;
				INFOPLIST_FILE = WYNewsClassNine/Info.plist;
				LD_RUNPATH_SEARCH_PATHS = "$(inherited) @executable_path/Frameworks";
				OTHER_LDFLAGS = (
					"$(inherited)",
					"-ObjC",
					"-l\"AFNetworking\"",
					"-l\"Masonry\"",
					"-l\"SDWebImage\"",
					"-l\"YYModel\"",
					"-framework",
					"\"CoreFoundation\"",
					"-framework",
					"\"CoreGraphics\"",
					"-framework",
					"\"Foundation\"",
					"-framework",
					"\"ImageIO\"",
					"-framework",
					"\"MobileCoreServices\"",
					"-framework",
					"\"Security\"",
					"-framework",
					"\"SystemConfiguration\"",
					"-framework",
					"\"UIKit\"",
				);
				PRODUCT_BUNDLE_IDENTIFIER = "com.--.WYNewsClassNine";
				PRODUCT_NAME = "$(TARGET_NAME)";
			};
			name = Debug;
		};
		1FFFC9061E7D0A3A00152D56 /* Release */ = {
			isa = XCBuildConfiguration;
			baseConfigurationReference = A07371517C299628ABA2A5A7 /* Pods-WYNewsClassNine.release.xcconfig */;
			buildSettings = {
				ASSETCATALOG_COMPILER_APPICON_NAME = AppIcon;
				INFOPLIST_FILE = WYNewsClassNine/Info.plist;
				LD_RUNPATH_SEARCH_PATHS = "$(inherited) @executable_path/Frameworks";
				OTHER_LDFLAGS = (
					"$(inherited)",
					"-ObjC",
					"-l\"AFNetworking\"",
					"-l\"Masonry\"",
					"-l\"SDWebImage\"",
					"-l\"YYModel\"",
					"-framework",
					"\"CoreFoundation\"",
					"-framework",
					"\"CoreGraphics\"",
					"-framework",
					"\"Foundation\"",
					"-framework",
					"\"ImageIO\"",
					"-framework",
					"\"MobileCoreServices\"",
					"-framework",
					"\"Security\"",
					"-framework",
					"\"SystemConfiguration\"",
					"-framework",
					"\"UIKit\"",
				);
				PRODUCT_BUNDLE_IDENTIFIER = "com.--.WYNewsClassNine";
				PRODUCT_NAME = "$(TARGET_NAME)";
			};
			name = Release;
		};
/* End XCBuildConfiguration section */

/* Begin XCConfigurationList section */
		1FFFC8E81E7D0A3A00152D56 /* Build configuration list for PBXProject "WYNewsClassNine" */ = {
			isa = XCConfigurationList;
			buildConfigurations = (
				1FFFC9021E7D0A3A00152D56 /* Debug */,
				1FFFC9031E7D0A3A00152D56 /* Release */,
			);
			defaultConfigurationIsVisible = 0;
			defaultConfigurationName = Release;
		};
		1FFFC9041E7D0A3A00152D56 /* Build configuration list for PBXNativeTarget "WYNewsClassNine" */ = {
			isa = XCConfigurationList;
			buildConfigurations = (
				1FFFC9051E7D0A3A00152D56 /* Debug */,
				1FFFC9061E7D0A3A00152D56 /* Release */,
			);
			defaultConfigurationIsVisible = 0;
			defaultConfigurationName = Release;
		};
/* End XCConfigurationList section */
	};
	rootObject = 1FFFC8E51E7D0A3A00152D56 /* Project object */;
}
